// !$*UTF8*$!
{
	archiveVersion = 1;
	classes = {
	};
	objectVersion = 56;
	objects = {

/* Begin PBXBuildFile section */
		D38E61592AFCDDFD00A77AEC /* week3_3App.swift in Sources */ = {isa = PBXBuildFile; fileRef = D38E61582AFCDDFD00A77AEC /* week3_3App.swift */; };
		D38E615B2AFCDDFD00A77AEC /* ContentView.swift in Sources */ = {isa = PBXBuildFile; fileRef = D38E615A2AFCDDFD00A77AEC /* ContentView.swift */; };
		D38E615D2AFCDDFE00A77AEC /* Assets.xcassets in Resources */ = {isa = PBXBuildFile; fileRef = D38E615C2AFCDDFE00A77AEC /* Assets.xcassets */; };
		D38E61602AFCDDFE00A77AEC /* Preview Assets.xcassets in Resources */ = {isa = PBXBuildFile; fileRef = D38E615F2AFCDDFE00A77AEC /* Preview Assets.xcassets */; };
		D38E61672AFCE81E00A77AEC /* ScrollViewScrollingData.swift in Sources */ = {isa = PBXBuildFile; fileRef = D38E61662AFCE81E00A77AEC /* ScrollViewScrollingData.swift */; };
		D38E61692AFCEA1100A77AEC /* NavLinkView.swift in Sources */ = {isa = PBXBuildFile; fileRef = D38E61682AFCEA1100A77AEC /* NavLinkView.swift */; };
		D38E616B2AFCEBBF00A77AEC /* ListNavView.swift in Sources */ = {isa = PBXBuildFile; fileRef = D38E616A2AFCEBBF00A77AEC /* ListNavView.swift */; };
		D38E616D2AFCECC800A77AEC /* CodableData.swift in Sources */ = {isa = PBXBuildFile; fileRef = D38E616C2AFCECC800A77AEC /* CodableData.swift */; };
		D38E616F2AFCF05F00A77AEC /* ScrollingGrid.swift in Sources */ = {isa = PBXBuildFile; fileRef = D38E616E2AFCF05F00A77AEC /* ScrollingGrid.swift */; };
/* End PBXBuildFile section */

/* Begin PBXFileReference section */
		D38E61552AFCDDFD00A77AEC /* week3.3.app */ = {isa = PBXFileReference; explicitFileType = wrapper.application; includeInIndex = 0; path = week3.3.app; sourceTree = BUILT_PRODUCTS_DIR; };
		D38E61582AFCDDFD00A77AEC /* week3_3App.swift */ = {isa = PBXFileReference; lastKnownFileType = sourcecode.swift; path = week3_3App.swift; sourceTree = "<group>"; };
		D38E615A2AFCDDFD00A77AEC /* ContentView.swift */ = {isa = PBXFileReference; lastKnownFileType = sourcecode.swift; path = ContentView.swift; sourceTree = "<group>"; };
		D38E615C2AFCDDFE00A77AEC /* Assets.xcassets */ = {isa = PBXFileReference; lastKnownFileType = folder.assetcatalog; path = Assets.xcassets; sourceTree = "<group>"; };
		D38E615F2AFCDDFE00A77AEC /* Preview Assets.xcassets */ = {isa = PBXFileReference; lastKnownFileType = folder.assetcatalog; path = "Preview Assets.xcassets"; sourceTree = "<group>"; };
		D38E61662AFCE81E00A77AEC /* ScrollViewScrollingData.swift */ = {isa = PBXFileReference; lastKnownFileType = sourcecode.swift; path = ScrollViewScrollingData.swift; sourceTree = "<group>"; };
		D38E61682AFCEA1100A77AEC /* NavLinkView.swift */ = {isa = PBXFileReference; lastKnownFileType = sourcecode.swift; path = NavLinkView.swift; sourceTree = "<group>"; };
		D38E616A2AFCEBBF00A77AEC /* ListNavView.swift */ = {isa = PBXFileReference; lastKnownFileType = sourcecode.swift; path = ListNavView.swift; sourceTree = "<group>"; };
		D38E616C2AFCECC800A77AEC /* CodableData.swift */ = {isa = PBXFileReference; lastKnownFileType = sourcecode.swift; path = CodableData.swift; sourceTree = "<group>"; };
		D38E616E2AFCF05F00A77AEC /* ScrollingGrid.swift */ = {isa = PBXFileReference; lastKnownFileType = sourcecode.swift; path = ScrollingGrid.swift; sourceTree = "<group>"; };
/* End PBXFileReference section */

/* Begin PBXFrameworksBuildPhase section */
		D38E61522AFCDDFD00A77AEC /* Frameworks */ = {
			isa = PBXFrameworksBuildPhase;
			buildActionMask = 2147483647;
			files = (
			);
			runOnlyForDeploymentPostprocessing = 0;
		};
/* End PBXFrameworksBuildPhase section */

/* Begin PBXGroup section */
		D38E614C2AFCDDFD00A77AEC = {
			isa = PBXGroup;
			children = (
				D38E61572AFCDDFD00A77AEC /* week3.3 */,
				D38E61562AFCDDFD00A77AEC /* Products */,
			);
			sourceTree = "<group>";
		};
		D38E61562AFCDDFD00A77AEC /* Products */ = {
			isa = PBXGroup;
			children = (
				D38E61552AFCDDFD00A77AEC /* week3.3.app */,
			);
			name = Products;
			sourceTree = "<group>";
		};
		D38E61572AFCDDFD00A77AEC /* week3.3 */ = {
			isa = PBXGroup;
			children = (
				D38E61582AFCDDFD00A77AEC /* week3_3App.swift */,
				D38E615A2AFCDDFD00A77AEC /* ContentView.swift */,
				D38E61662AFCE81E00A77AEC /* ScrollViewScrollingData.swift */,
				D38E61682AFCEA1100A77AEC /* NavLinkView.swift */,
				D38E616A2AFCEBBF00A77AEC /* ListNavView.swift */,
				D38E616C2AFCECC800A77AEC /* CodableData.swift */,
				D38E616E2AFCF05F00A77AEC /* ScrollingGrid.swift */,
				D38E615C2AFCDDFE00A77AEC /* Assets.xcassets */,
				D38E615E2AFCDDFE00A77AEC /* Preview Content */,
			);
			path = week3.3;
			sourceTree = "<group>";
		};
		D38E615E2AFCDDFE00A77AEC /* Preview Content */ = {
			isa = PBXGroup;
			children = (
				D38E615F2AFCDDFE00A77AEC /* Preview Assets.xcassets */,
			);
			path = "Preview Content";
			sourceTree = "<group>";
		};
/* End PBXGroup section */

/* Begin PBXNativeTarget section */
		D38E61542AFCDDFD00A77AEC /* week3.3 */ = {
			isa = PBXNativeTarget;
			buildConfigurationList = D38E61632AFCDDFE00A77AEC /* Build configuration list for PBXNativeTarget "week3.3" */;
			buildPhases = (
				D38E61512AFCDDFD00A77AEC /* Sources */,
				D38E61522AFCDDFD00A77AEC /* Frameworks */,
				D38E61532AFCDDFD00A77AEC /* Resources */,
			);
			buildRules = (
			);
			dependencies = (
			);
			name = week3.3;
			productName = week3.3;
			productReference = D38E61552AFCDDFD00A77AEC /* week3.3.app */;
			productType = "com.apple.product-type.application";
		};
/* End PBXNativeTarget section */

/* Begin PBXProject section */
		D38E614D2AFCDDFD00A77AEC /* Project object */ = {
			isa = PBXProject;
			attributes = {
				BuildIndependentTargetsInParallel = 1;
				LastSwiftUpdateCheck = 1500;
				LastUpgradeCheck = 1500;
				TargetAttributes = {
					D38E61542AFCDDFD00A77AEC = {
						CreatedOnToolsVersion = 15.0;
					};
				};
			};
			buildConfigurationList = D38E61502AFCDDFD00A77AEC /* Build configuration list for PBXProject "week3.3" */;
			compatibilityVersion = "Xcode 14.0";
			developmentRegion = en;
			hasScannedForEncodings = 0;
			knownRegions = (
				en,
				Base,
			);
			mainGroup = D38E614C2AFCDDFD00A77AEC;
			productRefGroup = D38E61562AFCDDFD00A77AEC /* Products */;
			projectDirPath = "";
			projectRoot = "";
			targets = (
				D38E61542AFCDDFD00A77AEC /* week3.3 */,
			);
		};
/* End PBXProject section */

/* Begin PBXResourcesBuildPhase section */
		D38E61532AFCDDFD00A77AEC /* Resources */ = {
			isa = PBXResourcesBuildPhase;
			buildActionMask = 2147483647;
			files = (
				D38E61602AFCDDFE00A77AEC /* Preview Assets.xcassets in Resources */,
				D38E615D2AFCDDFE00A77AEC /* Assets.xcassets in Resources */,
			);
			runOnlyForDeploymentPostprocessing = 0;
		};
/* End PBXResourcesBuildPhase section */

/* Begin PBXSourcesBuildPhase section */
		D38E61512AFCDDFD00A77AEC /* Sources */ = {
			isa = PBXSourcesBuildPhase;
			buildActionMask = 2147483647;
			files = (
				D38E615B2AFCDDFD00A77AEC /* ContentView.swift in Sources */,
				D38E61672AFCE81E00A77AEC /* ScrollViewScrollingData.swift in Sources */,
				D38E616D2AFCECC800A77AEC /* CodableData.swift in Sources */,
				D38E616B2AFCEBBF00A77AEC /* ListNavView.swift in Sources */,
				D38E61692AFCEA1100A77AEC /* NavLinkView.swift in Sources */,
				D38E61592AFCDDFD00A77AEC /* week3_3App.swift in Sources */,
				D38E616F2AFCF05F00A77AEC /* ScrollingGrid.swift in Sources */,
			);
			runOnlyForDeploymentPostprocessing = 0;
		};
/* End PBXSourcesBuildPhase section */

/* Begin XCBuildConfiguration section */
		D38E61612AFCDDFE00A77AEC /* Debug */ = {
			isa = XCBuildConfiguration;
			buildSettings = {
				ALWAYS_SEARCH_USER_PATHS = NO;
				ASSETCATALOG_COMPILER_GENERATE_SWIFT_ASSET_SYMBOL_EXTENSIONS = YES;
				CLANG_ANALYZER_NONNULL = YES;
				CLANG_ANALYZER_NUMBER_OBJECT_CONVERSION = YES_AGGRESSIVE;
				CLANG_CXX_LANGUAGE_STANDARD = "gnu++20";
				CLANG_ENABLE_MODULES = YES;
				CLANG_ENABLE_OBJC_ARC = YES;
				CLANG_ENABLE_OBJC_WEAK = YES;
				CLANG_WARN_BLOCK_CAPTURE_AUTORELEASING = YES;
				CLANG_WARN_BOOL_CONVERSION = YES;
				CLANG_WARN_COMMA = YES;
				CLANG_WARN_CONSTANT_CONVERSION = YES;
				CLANG_WARN_DEPRECATED_OBJC_IMPLEMENTATIONS = YES;
				CLANG_WARN_DIRECT_OBJC_ISA_USAGE = YES_ERROR;
				CLANG_WARN_DOCUMENTATION_COMMENTS = YES;
				CLANG_WARN_EMPTY_BODY = YES;
				CLANG_WARN_ENUM_CONVERSION = YES;
				CLANG_WARN_INFINITE_RECURSION = YES;
				CLANG_WARN_INT_CONVERSION = YES;
				CLANG_WARN_NON_LITERAL_NULL_CONVERSION = YES;
				CLANG_WARN_OBJC_IMPLICIT_RETAIN_SELF = YES;
				CLANG_WARN_OBJC_LITERAL_CONVERSION = YES;
				CLANG_WARN_OBJC_ROOT_CLASS = YES_ERROR;
				CLANG_WARN_QUOTED_INCLUDE_IN_FRAMEWORK_HEADER = YES;
				CLANG_WARN_RANGE_LOOP_ANALYSIS = YES;
				CLANG_WARN_STRICT_PROTOTYPES = YES;
				CLANG_WARN_SUSPICIOUS_MOVE = YES;
				CLANG_WARN_UNGUARDED_AVAILABILITY = YES_AGGRESSIVE;
				CLANG_WARN_UNREACHABLE_CODE = YES;
				CLANG_WARN__DUPLICATE_METHOD_MATCH = YES;
				COPY_PHASE_STRIP = NO;
				DEBUG_INFORMATION_FORMAT = dwarf;
				ENABLE_STRICT_OBJC_MSGSEND = YES;
				ENABLE_TESTABILITY = YES;
				ENABLE_USER_SCRIPT_SANDBOXING = YES;
				GCC_C_LANGUAGE_STANDARD = gnu17;
				GCC_DYNAMIC_NO_PIC = NO;
				GCC_NO_COMMON_BLOCKS = YES;
				GCC_OPTIMIZATION_LEVEL = 0;
				GCC_PREPROCESSOR_DEFINITIONS = (
					"DEBUG=1",
					"$(inherited)",
				);
				GCC_WARN_64_TO_32_BIT_CONVERSION = YES;
				GCC_WARN_ABOUT_RETURN_TYPE = YES_ERROR;
				GCC_WARN_UNDECLARED_SELECTOR = YES;
				GCC_WARN_UNINITIALIZED_AUTOS = YES_AGGRESSIVE;
				GCC_WARN_UNUSED_FUNCTION = YES;
				GCC_WARN_UNUSED_VARIABLE = YES;
				IPHONEOS_DEPLOYMENT_TARGET = 17.0;
				LOCALIZATION_PREFERS_STRING_CATALOGS = YES;
				MTL_ENABLE_DEBUG_INFO = INCLUDE_SOURCE;
				MTL_FAST_MATH = YES;
				ONLY_ACTIVE_ARCH = YES;
				SDKROOT = iphoneos;
				SWIFT_ACTIVE_COMPILATION_CONDITIONS = "DEBUG $(inherited)";
				SWIFT_OPTIMIZATION_LEVEL = "-Onone";
			};
			name = Debug;
		};
		D38E61622AFCDDFE00A77AEC /* Release */ = {
			isa = XCBuildConfiguration;
			buildSettings = {
				ALWAYS_SEARCH_USER_PATHS = NO;
				ASSETCATALOG_COMPILER_GENERATE_SWIFT_ASSET_SYMBOL_EXTENSIONS = YES;
				CLANG_ANALYZER_NONNULL = YES;
				CLANG_ANALYZER_NUMBER_OBJECT_CONVERSION = YES_AGGRESSIVE;
				CLANG_CXX_LANGUAGE_STANDARD = "gnu++20";
				CLANG_ENABLE_MODULES = YES;
				CLANG_ENABLE_OBJC_ARC = YES;
				CLANG_ENABLE_OBJC_WEAK = YES;
				CLANG_WARN_BLOCK_CAPTURE_AUTORELEASING = YES;
				CLANG_WARN_BOOL_CONVERSION = YES;
				CLANG_WARN_COMMA = YES;
				CLANG_WARN_CONSTANT_CONVERSION = YES;
				CLANG_WARN_DEPRECATED_OBJC_IMPLEMENTATIONS = YES;
				CLANG_WARN_DIRECT_OBJC_ISA_USAGE = YES_ERROR;
				CLANG_WARN_DOCUMENTATION_COMMENTS = YES;
				CLANG_WARN_EMPTY_BODY = YES;
				CLANG_WARN_ENUM_CONVERSION = YES;
				CLANG_WARN_INFINITE_RECURSION = YES;
				CLANG_WARN_INT_CONVERSION = YES;
				CLANG_WARN_NON_LITERAL_NULL_CONVERSION = YES;
				CLANG_WARN_OBJC_IMPLICIT_RETAIN_SELF = YES;
				CLANG_WARN_OBJC_LITERAL_CONVERSION = YES;
				CLANG_WARN_OBJC_ROOT_CLASS = YES_ERROR;
				CLANG_WARN_QUOTED_INCLUDE_IN_FRAMEWORK_HEADER = YES;
				CLANG_WARN_RANGE_LOOP_ANALYSIS = YES;
				CLANG_WARN_STRICT_PROTOTYPES = YES;
				CLANG_WARN_SUSPICIOUS_MOVE = YES;
				CLANG_WARN_UNGUARDED_AVAILABILITY = YES_AGGRESSIVE;
				CLANG_WARN_UNREACHABLE_CODE = YES;
				CLANG_WARN__DUPLICATE_METHOD_MATCH = YES;
				COPY_PHASE_STRIP = NO;
				DEBUG_INFORMATION_FORMAT = "dwarf-with-dsym";
				ENABLE_NS_ASSERTIONS = NO;
				ENABLE_STRICT_OBJC_MSGSEND = YES;
				ENABLE_USER_SCRIPT_SANDBOXING = YES;
				GCC_C_LANGUAGE_STANDARD = gnu17;
				GCC_NO_COMMON_BLOCKS = YES;
				GCC_WARN_64_TO_32_BIT_CONVERSION = YES;
				GCC_WARN_ABOUT_RETURN_TYPE = YES_ERROR;
				GCC_WARN_UNDECLARED_SELECTOR = YES;
				GCC_WARN_UNINITIALIZED_AUTOS = YES_AGGRESSIVE;
				GCC_WARN_UNUSED_FUNCTION = YES;
				GCC_WARN_UNUSED_VARIABLE = YES;
				IPHONEOS_DEPLOYMENT_TARGET = 17.0;
				LOCALIZATION_PREFERS_STRING_CATALOGS = YES;
				MTL_ENABLE_DEBUG_INFO = NO;
				MTL_FAST_MATH = YES;
				SDKROOT = iphoneos;
				SWIFT_COMPILATION_MODE = wholemodule;
				VALIDATE_PRODUCT = YES;
			};
			name = Release;
		};
		D38E61642AFCDDFE00A77AEC /* Debug */ = {
			isa = XCBuildConfiguration;
			buildSettings = {
				ASSETCATALOG_COMPILER_APPICON_NAME = AppIcon;
				ASSETCATALOG_COMPILER_GLOBAL_ACCENT_COLOR_NAME = AccentColor;
				CODE_SIGN_STYLE = Automatic;
				CURRENT_PROJECT_VERSION = 1;
				DEVELOPMENT_ASSET_PATHS = "\"week3.3/Preview Content\"";
				DEVELOPMENT_TEAM = ATN68Q8Z3E;
				ENABLE_PREVIEWS = YES;
				GENERATE_INFOPLIST_FILE = YES;
				INFOPLIST_KEY_UIApplicationSceneManifest_Generation = YES;
				INFOPLIST_KEY_UIApplicationSupportsIndirectInputEvents = YES;
				INFOPLIST_KEY_UILaunchScreen_Generation = YES;
				INFOPLIST_KEY_UISupportedInterfaceOrientations_iPad = "UIInterfaceOrientationPortrait UIInterfaceOrientationPortraitUpsideDown UIInterfaceOrientationLandscapeLeft UIInterfaceOrientationLandscapeRight";
				INFOPLIST_KEY_UISupportedInterfaceOrientations_iPhone = "UIInterfaceOrientationPortrait UIInterfaceOrientationLandscapeLeft UIInterfaceOrientationLandscapeRight";
				LD_RUNPATH_SEARCH_PATHS = (
					"$(inherited)",
					"@executable_path/Frameworks",
				);
				MARKETING_VERSION = 1.0;
				PRODUCT_BUNDLE_IDENTIFIER = "Shakhvorostov-Michail.week3-3";
				PRODUCT_NAME = "$(TARGET_NAME)";
				SWIFT_EMIT_LOC_STRINGS = YES;
				SWIFT_VERSION = 5.0;
				TARGETED_DEVICE_FAMILY = "1,2";
			};
			name = Debug;
		};
		D38E61652AFCDDFE00A77AEC /* Release */ = {
			isa = XCBuildConfiguration;
			buildSettings = {
				ASSETCATALOG_COMPILER_APPICON_NAME = AppIcon;
				ASSETCATALOG_COMPILER_GLOBAL_ACCENT_COLOR_NAME = AccentColor;
				CODE_SIGN_STYLE = Automatic;
				CURRENT_PROJECT_VERSION = 1;
				DEVELOPMENT_ASSET_PATHS = "\"week3.3/Preview Content\"";
				DEVELOPMENT_TEAM = ATN68Q8Z3E;
				ENABLE_PREVIEWS = YES;
				GENERATE_INFOPLIST_FILE = YES;
				INFOPLIST_KEY_UIApplicationSceneManifest_Generation = YES;
				INFOPLIST_KEY_UIApplicationSupportsIndirectInputEvents = YES;
				INFOPLIST_KEY_UILaunchScreen_Generation = YES;
				INFOPLIST_KEY_UISupportedInterfaceOrientations_iPad = "UIInterfaceOrientationPortrait UIInterfaceOrientationPortraitUpsideDown UIInterfaceOrientationLandscapeLeft UIInterfaceOrientationLandscapeRight";
				INFOPLIST_KEY_UISupportedInterfaceOrientations_iPhone = "UIInterfaceOrientationPortrait UIInterfaceOrientationLandscapeLeft UIInterfaceOrientationLandscapeRight";
				LD_RUNPATH_SEARCH_PATHS = (
					"$(inherited)",
					"@executable_path/Frameworks",
				);
				MARKETING_VERSION = 1.0;
				PRODUCT_BUNDLE_IDENTIFIER = "Shakhvorostov-Michail.week3-3";
				PRODUCT_NAME = "$(TARGET_NAME)";
				SWIFT_EMIT_LOC_STRINGS = YES;
				SWIFT_VERSION = 5.0;
				TARGETED_DEVICE_FAMILY = "1,2";
			};
			name = Release;
		};
/* End XCBuildConfiguration section */

/* Begin XCConfigurationList section */
		D38E61502AFCDDFD00A77AEC /* Build configuration list for PBXProject "week3.3" */ = {
			isa = XCConfigurationList;
			buildConfigurations = (
				D38E61612AFCDDFE00A77AEC /* Debug */,
				D38E61622AFCDDFE00A77AEC /* Release */,
			);
			defaultConfigurationIsVisible = 0;
			defaultConfigurationName = Release;
		};
		D38E61632AFCDDFE00A77AEC /* Build configuration list for PBXNativeTarget "week3.3" */ = {
			isa = XCConfigurationList;
			buildConfigurations = (
				D38E61642AFCDDFE00A77AEC /* Debug */,
				D38E61652AFCDDFE00A77AEC /* Release */,
			);
			defaultConfigurationIsVisible = 0;
			defaultConfigurationName = Release;
		};
/* End XCConfigurationList section */
	};
	rootObject = D38E614D2AFCDDFD00A77AEC /* Project object */;
}
