// !$*UTF8*$!
{
	archiveVersion = 1;
	classes = {
	};
	objectVersion = 56;
	objects = {

/* Begin PBXBuildFile section */
		D326933E2B14E35300818496 /* BookwormsApp.swift in Sources */ = {isa = PBXBuildFile; fileRef = D326933D2B14E35300818496 /* BookwormsApp.swift */; };
		D32693402B14E35300818496 /* ContentView.swift in Sources */ = {isa = PBXBuildFile; fileRef = D326933F2B14E35300818496 /* ContentView.swift */; };
		D32693422B14E35500818496 /* Assets.xcassets in Resources */ = {isa = PBXBuildFile; fileRef = D32693412B14E35500818496 /* Assets.xcassets */; };
		D32693452B14E35500818496 /* Preview Assets.xcassets in Resources */ = {isa = PBXBuildFile; fileRef = D32693442B14E35500818496 /* Preview Assets.xcassets */; };
		D326934C2B14E37D00818496 /* Book.swift in Sources */ = {isa = PBXBuildFile; fileRef = D326934B2B14E37D00818496 /* Book.swift */; };
		D32693502B14EAC100818496 /* AddBooksView.swift in Sources */ = {isa = PBXBuildFile; fileRef = D326934F2B14EAC100818496 /* AddBooksView.swift */; };
		D32693522B152C4700818496 /* RatingView.swift in Sources */ = {isa = PBXBuildFile; fileRef = D32693512B152C4700818496 /* RatingView.swift */; };
		D32693542B1530DB00818496 /* EmojiRatinView.swift in Sources */ = {isa = PBXBuildFile; fileRef = D32693532B1530DB00818496 /* EmojiRatinView.swift */; };
		D32693562B1534EE00818496 /* DetailView.swift in Sources */ = {isa = PBXBuildFile; fileRef = D32693552B1534EE00818496 /* DetailView.swift */; };
		D359E23E2B16608C000EEF7A /* Date + Ext.swift in Sources */ = {isa = PBXBuildFile; fileRef = D359E23D2B16608C000EEF7A /* Date + Ext.swift */; };
/* End PBXBuildFile section */

/* Begin PBXFileReference section */
		D326933A2B14E35300818496 /* Bookworms.app */ = {isa = PBXFileReference; explicitFileType = wrapper.application; includeInIndex = 0; path = Bookworms.app; sourceTree = BUILT_PRODUCTS_DIR; };
		D326933D2B14E35300818496 /* BookwormsApp.swift */ = {isa = PBXFileReference; lastKnownFileType = sourcecode.swift; path = BookwormsApp.swift; sourceTree = "<group>"; };
		D326933F2B14E35300818496 /* ContentView.swift */ = {isa = PBXFileReference; lastKnownFileType = sourcecode.swift; path = ContentView.swift; sourceTree = "<group>"; };
		D32693412B14E35500818496 /* Assets.xcassets */ = {isa = PBXFileReference; lastKnownFileType = folder.assetcatalog; path = Assets.xcassets; sourceTree = "<group>"; };
		D32693442B14E35500818496 /* Preview Assets.xcassets */ = {isa = PBXFileReference; lastKnownFileType = folder.assetcatalog; path = "Preview Assets.xcassets"; sourceTree = "<group>"; };
		D326934B2B14E37D00818496 /* Book.swift */ = {isa = PBXFileReference; lastKnownFileType = sourcecode.swift; path = Book.swift; sourceTree = "<group>"; };
		D326934F2B14EAC100818496 /* AddBooksView.swift */ = {isa = PBXFileReference; lastKnownFileType = sourcecode.swift; path = AddBooksView.swift; sourceTree = "<group>"; };
		D32693512B152C4700818496 /* RatingView.swift */ = {isa = PBXFileReference; lastKnownFileType = sourcecode.swift; path = RatingView.swift; sourceTree = "<group>"; };
		D32693532B1530DB00818496 /* EmojiRatinView.swift */ = {isa = PBXFileReference; lastKnownFileType = sourcecode.swift; path = EmojiRatinView.swift; sourceTree = "<group>"; };
		D32693552B1534EE00818496 /* DetailView.swift */ = {isa = PBXFileReference; lastKnownFileType = sourcecode.swift; path = DetailView.swift; sourceTree = "<group>"; };
		D359E23D2B16608C000EEF7A /* Date + Ext.swift */ = {isa = PBXFileReference; lastKnownFileType = sourcecode.swift; path = "Date + Ext.swift"; sourceTree = "<group>"; };
/* End PBXFileReference section */

/* Begin PBXFrameworksBuildPhase section */
		D32693372B14E35300818496 /* Frameworks */ = {
			isa = PBXFrameworksBuildPhase;
			buildActionMask = 2147483647;
			files = (
			);
			runOnlyForDeploymentPostprocessing = 0;
		};
/* End PBXFrameworksBuildPhase section */

/* Begin PBXGroup section */
		D32693312B14E35300818496 = {
			isa = PBXGroup;
			children = (
				D359E23D2B16608C000EEF7A /* Date + Ext.swift */,
				D326933C2B14E35300818496 /* Bookworms */,
				D326933B2B14E35300818496 /* Products */,
			);
			sourceTree = "<group>";
		};
		D326933B2B14E35300818496 /* Products */ = {
			isa = PBXGroup;
			children = (
				D326933A2B14E35300818496 /* Bookworms.app */,
			);
			name = Products;
			sourceTree = "<group>";
		};
		D326933C2B14E35300818496 /* Bookworms */ = {
			isa = PBXGroup;
			children = (
				D326933D2B14E35300818496 /* BookwormsApp.swift */,
				D326934E2B14E47B00818496 /* View */,
				D326934D2B14E38100818496 /* Model */,
				D32693412B14E35500818496 /* Assets.xcassets */,
				D32693432B14E35500818496 /* Preview Content */,
			);
			path = Bookworms;
			sourceTree = "<group>";
		};
		D32693432B14E35500818496 /* Preview Content */ = {
			isa = PBXGroup;
			children = (
				D32693442B14E35500818496 /* Preview Assets.xcassets */,
			);
			path = "Preview Content";
			sourceTree = "<group>";
		};
		D326934D2B14E38100818496 /* Model */ = {
			isa = PBXGroup;
			children = (
				D326934B2B14E37D00818496 /* Book.swift */,
			);
			path = Model;
			sourceTree = "<group>";
		};
		D326934E2B14E47B00818496 /* View */ = {
			isa = PBXGroup;
			children = (
				D326933F2B14E35300818496 /* ContentView.swift */,
				D32693532B1530DB00818496 /* EmojiRatinView.swift */,
				D326934F2B14EAC100818496 /* AddBooksView.swift */,
				D32693512B152C4700818496 /* RatingView.swift */,
				D32693552B1534EE00818496 /* DetailView.swift */,
			);
			path = View;
			sourceTree = "<group>";
		};
/* End PBXGroup section */

/* Begin PBXNativeTarget section */
		D32693392B14E35300818496 /* Bookworms */ = {
			isa = PBXNativeTarget;
			buildConfigurationList = D32693482B14E35500818496 /* Build configuration list for PBXNativeTarget "Bookworms" */;
			buildPhases = (
				D32693362B14E35300818496 /* Sources */,
				D32693372B14E35300818496 /* Frameworks */,
				D32693382B14E35300818496 /* Resources */,
			);
			buildRules = (
			);
			dependencies = (
			);
			name = Bookworms;
			productName = Bookworms;
			productReference = D326933A2B14E35300818496 /* Bookworms.app */;
			productType = "com.apple.product-type.application";
		};
/* End PBXNativeTarget section */

/* Begin PBXProject section */
		D32693322B14E35300818496 /* Project object */ = {
			isa = PBXProject;
			attributes = {
				BuildIndependentTargetsInParallel = 1;
				LastSwiftUpdateCheck = 1500;
				LastUpgradeCheck = 1500;
				TargetAttributes = {
					D32693392B14E35300818496 = {
						CreatedOnToolsVersion = 15.0;
					};
				};
			};
			buildConfigurationList = D32693352B14E35300818496 /* Build configuration list for PBXProject "Bookworms" */;
			compatibilityVersion = "Xcode 14.0";
			developmentRegion = en;
			hasScannedForEncodings = 0;
			knownRegions = (
				en,
				Base,
			);
			mainGroup = D32693312B14E35300818496;
			productRefGroup = D326933B2B14E35300818496 /* Products */;
			projectDirPath = "";
			projectRoot = "";
			targets = (
				D32693392B14E35300818496 /* Bookworms */,
			);
		};
/* End PBXProject section */

/* Begin PBXResourcesBuildPhase section */
		D32693382B14E35300818496 /* Resources */ = {
			isa = PBXResourcesBuildPhase;
			buildActionMask = 2147483647;
			files = (
				D32693452B14E35500818496 /* Preview Assets.xcassets in Resources */,
				D32693422B14E35500818496 /* Assets.xcassets in Resources */,
			);
			runOnlyForDeploymentPostprocessing = 0;
		};
/* End PBXResourcesBuildPhase section */

/* Begin PBXSourcesBuildPhase section */
		D32693362B14E35300818496 /* Sources */ = {
			isa = PBXSourcesBuildPhase;
			buildActionMask = 2147483647;
			files = (
				D32693402B14E35300818496 /* ContentView.swift in Sources */,
				D326933E2B14E35300818496 /* BookwormsApp.swift in Sources */,
				D32693542B1530DB00818496 /* EmojiRatinView.swift in Sources */,
				D32693562B1534EE00818496 /* DetailView.swift in Sources */,
				D326934C2B14E37D00818496 /* Book.swift in Sources */,
				D359E23E2B16608C000EEF7A /* Date + Ext.swift in Sources */,
				D32693522B152C4700818496 /* RatingView.swift in Sources */,
				D32693502B14EAC100818496 /* AddBooksView.swift in Sources */,
			);
			runOnlyForDeploymentPostprocessing = 0;
		};
/* End PBXSourcesBuildPhase section */

/* Begin XCBuildConfiguration section */
		D32693462B14E35500818496 /* Debug */ = {
			isa = XCBuildConfiguration;
			buildSettings = {
				ALWAYS_SEARCH_USER_PATHS = NO;
				ASSETCATALOG_COMPILER_GENERATE_SWIFT_ASSET_SYMBOL_EXTENSIONS = YES;
				CLANG_ANALYZER_NONNULL = YES;
				CLANG_ANALYZER_NUMBER_OBJECT_CONVERSION = YES_AGGRESSIVE;
				CLANG_CXX_LANGUAGE_STANDARD = "gnu++20";
				CLANG_ENABLE_MODULES = YES;
				CLANG_ENABLE_OBJC_ARC = YES;
				CLANG_ENABLE_OBJC_WEAK = YES;
				CLANG_WARN_BLOCK_CAPTURE_AUTORELEASING = YES;
				CLANG_WARN_BOOL_CONVERSION = YES;
				CLANG_WARN_COMMA = YES;
				CLANG_WARN_CONSTANT_CONVERSION = YES;
				CLANG_WARN_DEPRECATED_OBJC_IMPLEMENTATIONS = YES;
				CLANG_WARN_DIRECT_OBJC_ISA_USAGE = YES_ERROR;
				CLANG_WARN_DOCUMENTATION_COMMENTS = YES;
				CLANG_WARN_EMPTY_BODY = YES;
				CLANG_WARN_ENUM_CONVERSION = YES;
				CLANG_WARN_INFINITE_RECURSION = YES;
				CLANG_WARN_INT_CONVERSION = YES;
				CLANG_WARN_NON_LITERAL_NULL_CONVERSION = YES;
				CLANG_WARN_OBJC_IMPLICIT_RETAIN_SELF = YES;
				CLANG_WARN_OBJC_LITERAL_CONVERSION = YES;
				CLANG_WARN_OBJC_ROOT_CLASS = YES_ERROR;
				CLANG_WARN_QUOTED_INCLUDE_IN_FRAMEWORK_HEADER = YES;
				CLANG_WARN_RANGE_LOOP_ANALYSIS = YES;
				CLANG_WARN_STRICT_PROTOTYPES = YES;
				CLANG_WARN_SUSPICIOUS_MOVE = YES;
				CLANG_WARN_UNGUARDED_AVAILABILITY = YES_AGGRESSIVE;
				CLANG_WARN_UNREACHABLE_CODE = YES;
				CLANG_WARN__DUPLICATE_METHOD_MATCH = YES;
				COPY_PHASE_STRIP = NO;
				DEBUG_INFORMATION_FORMAT = dwarf;
				ENABLE_STRICT_OBJC_MSGSEND = YES;
				ENABLE_TESTABILITY = YES;
				ENABLE_USER_SCRIPT_SANDBOXING = YES;
				GCC_C_LANGUAGE_STANDARD = gnu17;
				GCC_DYNAMIC_NO_PIC = NO;
				GCC_NO_COMMON_BLOCKS = YES;
				GCC_OPTIMIZATION_LEVEL = 0;
				GCC_PREPROCESSOR_DEFINITIONS = (
					"DEBUG=1",
					"$(inherited)",
				);
				GCC_WARN_64_TO_32_BIT_CONVERSION = YES;
				GCC_WARN_ABOUT_RETURN_TYPE = YES_ERROR;
				GCC_WARN_UNDECLARED_SELECTOR = YES;
				GCC_WARN_UNINITIALIZED_AUTOS = YES_AGGRESSIVE;
				GCC_WARN_UNUSED_FUNCTION = YES;
				GCC_WARN_UNUSED_VARIABLE = YES;
				IPHONEOS_DEPLOYMENT_TARGET = 17.0;
				LOCALIZATION_PREFERS_STRING_CATALOGS = YES;
				MTL_ENABLE_DEBUG_INFO = INCLUDE_SOURCE;
				MTL_FAST_MATH = YES;
				ONLY_ACTIVE_ARCH = YES;
				SDKROOT = iphoneos;
				SWIFT_ACTIVE_COMPILATION_CONDITIONS = "DEBUG $(inherited)";
				SWIFT_OPTIMIZATION_LEVEL = "-Onone";
			};
			name = Debug;
		};
		D32693472B14E35500818496 /* Release */ = {
			isa = XCBuildConfiguration;
			buildSettings = {
				ALWAYS_SEARCH_USER_PATHS = NO;
				ASSETCATALOG_COMPILER_GENERATE_SWIFT_ASSET_SYMBOL_EXTENSIONS = YES;
				CLANG_ANALYZER_NONNULL = YES;
				CLANG_ANALYZER_NUMBER_OBJECT_CONVERSION = YES_AGGRESSIVE;
				CLANG_CXX_LANGUAGE_STANDARD = "gnu++20";
				CLANG_ENABLE_MODULES = YES;
				CLANG_ENABLE_OBJC_ARC = YES;
				CLANG_ENABLE_OBJC_WEAK = YES;
				CLANG_WARN_BLOCK_CAPTURE_AUTORELEASING = YES;
				CLANG_WARN_BOOL_CONVERSION = YES;
				CLANG_WARN_COMMA = YES;
				CLANG_WARN_CONSTANT_CONVERSION = YES;
				CLANG_WARN_DEPRECATED_OBJC_IMPLEMENTATIONS = YES;
				CLANG_WARN_DIRECT_OBJC_ISA_USAGE = YES_ERROR;
				CLANG_WARN_DOCUMENTATION_COMMENTS = YES;
				CLANG_WARN_EMPTY_BODY = YES;
				CLANG_WARN_ENUM_CONVERSION = YES;
				CLANG_WARN_INFINITE_RECURSION = YES;
				CLANG_WARN_INT_CONVERSION = YES;
				CLANG_WARN_NON_LITERAL_NULL_CONVERSION = YES;
				CLANG_WARN_OBJC_IMPLICIT_RETAIN_SELF = YES;
				CLANG_WARN_OBJC_LITERAL_CONVERSION = YES;
				CLANG_WARN_OBJC_ROOT_CLASS = YES_ERROR;
				CLANG_WARN_QUOTED_INCLUDE_IN_FRAMEWORK_HEADER = YES;
				CLANG_WARN_RANGE_LOOP_ANALYSIS = YES;
				CLANG_WARN_STRICT_PROTOTYPES = YES;
				CLANG_WARN_SUSPICIOUS_MOVE = YES;
				CLANG_WARN_UNGUARDED_AVAILABILITY = YES_AGGRESSIVE;
				CLANG_WARN_UNREACHABLE_CODE = YES;
				CLANG_WARN__DUPLICATE_METHOD_MATCH = YES;
				COPY_PHASE_STRIP = NO;
				DEBUG_INFORMATION_FORMAT = "dwarf-with-dsym";
				ENABLE_NS_ASSERTIONS = NO;
				ENABLE_STRICT_OBJC_MSGSEND = YES;
				ENABLE_USER_SCRIPT_SANDBOXING = YES;
				GCC_C_LANGUAGE_STANDARD = gnu17;
				GCC_NO_COMMON_BLOCKS = YES;
				GCC_WARN_64_TO_32_BIT_CONVERSION = YES;
				GCC_WARN_ABOUT_RETURN_TYPE = YES_ERROR;
				GCC_WARN_UNDECLARED_SELECTOR = YES;
				GCC_WARN_UNINITIALIZED_AUTOS = YES_AGGRESSIVE;
				GCC_WARN_UNUSED_FUNCTION = YES;
				GCC_WARN_UNUSED_VARIABLE = YES;
				IPHONEOS_DEPLOYMENT_TARGET = 17.0;
				LOCALIZATION_PREFERS_STRING_CATALOGS = YES;
				MTL_ENABLE_DEBUG_INFO = NO;
				MTL_FAST_MATH = YES;
				SDKROOT = iphoneos;
				SWIFT_COMPILATION_MODE = wholemodule;
				VALIDATE_PRODUCT = YES;
			};
			name = Release;
		};
		D32693492B14E35500818496 /* Debug */ = {
			isa = XCBuildConfiguration;
			buildSettings = {
				ASSETCATALOG_COMPILER_APPICON_NAME = AppIcon;
				ASSETCATALOG_COMPILER_GLOBAL_ACCENT_COLOR_NAME = AccentColor;
				CODE_SIGN_STYLE = Automatic;
				CURRENT_PROJECT_VERSION = 1;
				DEVELOPMENT_ASSET_PATHS = "\"Bookworms/Preview Content\"";
				DEVELOPMENT_TEAM = ATN68Q8Z3E;
				ENABLE_PREVIEWS = YES;
				GENERATE_INFOPLIST_FILE = YES;
				INFOPLIST_KEY_UIApplicationSceneManifest_Generation = YES;
				INFOPLIST_KEY_UIApplicationSupportsIndirectInputEvents = YES;
				INFOPLIST_KEY_UILaunchScreen_Generation = YES;
				INFOPLIST_KEY_UISupportedInterfaceOrientations_iPad = "UIInterfaceOrientationPortrait UIInterfaceOrientationPortraitUpsideDown UIInterfaceOrientationLandscapeLeft UIInterfaceOrientationLandscapeRight";
				INFOPLIST_KEY_UISupportedInterfaceOrientations_iPhone = "UIInterfaceOrientationPortrait UIInterfaceOrientationLandscapeLeft UIInterfaceOrientationLandscapeRight";
				LD_RUNPATH_SEARCH_PATHS = (
					"$(inherited)",
					"@executable_path/Frameworks",
				);
				MARKETING_VERSION = 1.0;
				PRODUCT_BUNDLE_IDENTIFIER = "Shakhvorostov-Michail.Bookworms";
				PRODUCT_NAME = "$(TARGET_NAME)";
				SWIFT_EMIT_LOC_STRINGS = YES;
				SWIFT_VERSION = 5.0;
				TARGETED_DEVICE_FAMILY = "1,2";
			};
			name = Debug;
		};
		D326934A2B14E35500818496 /* Release */ = {
			isa = XCBuildConfiguration;
			buildSettings = {
				ASSETCATALOG_COMPILER_APPICON_NAME = AppIcon;
				ASSETCATALOG_COMPILER_GLOBAL_ACCENT_COLOR_NAME = AccentColor;
				CODE_SIGN_STYLE = Automatic;
				CURRENT_PROJECT_VERSION = 1;
				DEVELOPMENT_ASSET_PATHS = "\"Bookworms/Preview Content\"";
				DEVELOPMENT_TEAM = ATN68Q8Z3E;
				ENABLE_PREVIEWS = YES;
				GENERATE_INFOPLIST_FILE = YES;
				INFOPLIST_KEY_UIApplicationSceneManifest_Generation = YES;
				INFOPLIST_KEY_UIApplicationSupportsIndirectInputEvents = YES;
				INFOPLIST_KEY_UILaunchScreen_Generation = YES;
				INFOPLIST_KEY_UISupportedInterfaceOrientations_iPad = "UIInterfaceOrientationPortrait UIInterfaceOrientationPortraitUpsideDown UIInterfaceOrientationLandscapeLeft UIInterfaceOrientationLandscapeRight";
				INFOPLIST_KEY_UISupportedInterfaceOrientations_iPhone = "UIInterfaceOrientationPortrait UIInterfaceOrientationLandscapeLeft UIInterfaceOrientationLandscapeRight";
				LD_RUNPATH_SEARCH_PATHS = (
					"$(inherited)",
					"@executable_path/Frameworks",
				);
				MARKETING_VERSION = 1.0;
				PRODUCT_BUNDLE_IDENTIFIER = "Shakhvorostov-Michail.Bookworms";
				PRODUCT_NAME = "$(TARGET_NAME)";
				SWIFT_EMIT_LOC_STRINGS = YES;
				SWIFT_VERSION = 5.0;
				TARGETED_DEVICE_FAMILY = "1,2";
			};
			name = Release;
		};
/* End XCBuildConfiguration section */

/* Begin XCConfigurationList section */
		D32693352B14E35300818496 /* Build configuration list for PBXProject "Bookworms" */ = {
			isa = XCConfigurationList;
			buildConfigurations = (
				D32693462B14E35500818496 /* Debug */,
				D32693472B14E35500818496 /* Release */,
			);
			defaultConfigurationIsVisible = 0;
			defaultConfigurationName = Release;
		};
		D32693482B14E35500818496 /* Build configuration list for PBXNativeTarget "Bookworms" */ = {
			isa = XCConfigurationList;
			buildConfigurations = (
				D32693492B14E35500818496 /* Debug */,
				D326934A2B14E35500818496 /* Release */,
			);
			defaultConfigurationIsVisible = 0;
			defaultConfigurationName = Release;
		};
/* End XCConfigurationList section */
	};
	rootObject = D32693322B14E35300818496 /* Project object */;
}
